# This file is @generated by PDM.
# It is not intended for manual editing.

[metadata]
groups = ["default"]
strategy = ["cross_platform", "inherit_metadata"]
lock_version = "4.4.2"
content_hash = "sha256:26e85e0f8666211c8692a771c431b2e9c53ff038271298acee360121d799b079"

[[package]]
name = "transform"
version = "0.2.0"
requires_python = ">=3.9"
git = "https://github.com/play-gogo/transform.git"
ref = "sunwoo/d1.0.0"
revision = "ba42679fd04adcee2a6b5096df1eaae4ebc2142f"
summary = "Default template for PDM package"
groups = ["default"]
